// !$*UTF8*$!
{
	archiveVersion = 1;
	classes = {
	};
	objectVersion = 46;
	objects = {

/* Begin PBXBuildFile section */
		AA6EEFF719F94D4E004D4402 /* main.swift in Sources */ = {isa = PBXBuildFile; fileRef = AA6EEFF619F94D4E004D4402 /* main.swift */; };
/* End PBXBuildFile section */

/* Begin PBXCopyFilesBuildPhase section */
		AA6EEFF119F94D4E004D4402 /* CopyFiles */ = {
			isa = PBXCopyFilesBuildPhase;
			buildActionMask = 2147483647;
			dstPath = /usr/share/man/man1/;
			dstSubfolderSpec = 0;
			files = (
			);
			runOnlyForDeploymentPostprocessing = 1;
		};
/* End PBXCopyFilesBuildPhase section */

/* Begin PBXFileReference section */
		AA6EEFF319F94D4E004D4402 /* EmployeeProject */ = {isa = PBXFileReference; explicitFileType = "compiled.mach-o.executable"; includeInIndex = 0; path = EmployeeProject; sourceTree = BUILT_PRODUCTS_DIR; };
		AA6EEFF619F94D4E004D4402 /* main.swift */ = {isa = PBXFileReference; lastKnownFileType = sourcecode.swift; path = main.swift; sourceTree = "<group>"; };
/* End PBXFileReference section */

/* Begin PBXFrameworksBuildPhase section */
		AA6EEFF019F94D4E004D4402 /* Frameworks */ = {
			isa = PBXFrameworksBuildPhase;
			buildActionMask = 2147483647;
			files = (
			);
			runOnlyForDeploymentPostprocessing = 0;
		};
/* End PBXFrameworksBuildPhase section */

/* Begin PBXGroup section */
		AA6EEFEA19F94D4E004D4402 = {
			isa = PBXGroup;
			children = (
				AA6EEFF519F94D4E004D4402 /* EmployeeProject */,
				AA6EEFF419F94D4E004D4402 /* Products */,
			);
			sourceTree = "<group>";
		};
		AA6EEFF419F94D4E004D4402 /* Products */ = {
			isa = PBXGroup;
			children = (
				AA6EEFF319F94D4E004D4402 /* EmployeeProject */,
			);
			name = Products;
			sourceTree = "<group>";
		};
		AA6EEFF519F94D4E004D4402 /* EmployeeProject */ = {
			isa = PBXGroup;
			children = (
				AA6EEFF619F94D4E004D4402 /* main.swift */,
			);
			path = EmployeeProject;
			sourceTree = "<group>";
		};
/* End PBXGroup section */

/* Begin PBXNativeTarget section */
		AA6EEFF219F94D4E004D4402 /* EmployeeProject */ = {
			isa = PBXNativeTarget;
			buildConfigurationList = AA6EEFFA19F94D4E004D4402 /* Build configuration list for PBXNativeTarget "EmployeeProject" */;
			buildPhases = (
				AA6EEFEF19F94D4E004D4402 /* Sources */,
				AA6EEFF019F94D4E004D4402 /* Frameworks */,
				AA6EEFF119F94D4E004D4402 /* CopyFiles */,
			);
			buildRules = (
			);
			dependencies = (
			);
			name = EmployeeProject;
			productName = EmployeeProject;
			productReference = AA6EEFF319F94D4E004D4402 /* EmployeeProject */;
			productType = "com.apple.product-type.tool";
		};
/* End PBXNativeTarget section */

/* Begin PBXProject section */
		AA6EEFEB19F94D4E004D4402 /* Project object */ = {
			isa = PBXProject;
			attributes = {
				LastUpgradeCheck = 0610;
				ORGANIZATIONNAME = UCN;
				TargetAttributes = {
					AA6EEFF219F94D4E004D4402 = {
						CreatedOnToolsVersion = 6.1;
					};
				};
			};
			buildConfigurationList = AA6EEFEE19F94D4E004D4402 /* Build configuration list for PBXProject "EmployeeProject" */;
			compatibilityVersion = "Xcode 3.2";
			developmentRegion = English;
			hasScannedForEncodings = 0;
			knownRegions = (
				en,
			);
			mainGroup = AA6EEFEA19F94D4E004D4402;
			productRefGroup = AA6EEFF419F94D4E004D4402 /* Products */;
			projectDirPath = "";
			projectRoot = "";
			targets = (
				AA6EEFF219F94D4E004D4402 /* EmployeeProject */,
			);
		};
/* End PBXProject section */

/* Begin PBXSourcesBuildPhase section */
		AA6EEFEF19F94D4E004D4402 /* Sources */ = {
			isa = PBXSourcesBuildPhase;
			buildActionMask = 2147483647;
			files = (
				AA6EEFF719F94D4E004D4402 /* main.swift in Sources */,
			);
			runOnlyForDeploymentPostprocessing = 0;
		};
/* End PBXSourcesBuildPhase section */

/* Begin XCBuildConfiguration section */
		AA6EEFF819F94D4E004D4402 /* Debug */ = {
			isa = XCBuildConfiguration;
			buildSettings = {
				ALWAYS_SEARCH_USER_PATHS = NO;
				CLANG_CXX_LANGUAGE_STANDARD = "gnu++0x";
				CLANG_CXX_LIBRARY = "libc++";
				CLANG_ENABLE_MODULES = YES;
				CLANG_ENABLE_OBJC_ARC = YES;
				CLANG_WARN_BOOL_CONVERSION = YES;
				CLANG_WARN_CONSTANT_CONVERSION = YES;
				CLANG_WARN_DIRECT_OBJC_ISA_USAGE = YES_ERROR;
				CLANG_WARN_EMPTY_BODY = YES;
				CLANG_WARN_ENUM_CONVERSION = YES;
				CLANG_WARN_INT_CONVERSION = YES;
				CLANG_WARN_OBJC_ROOT_CLASS = YES_ERROR;
				CLANG_WARN_UNREACHABLE_CODE = YES;
				CLANG_WARN__DUPLICATE_METHOD_MATCH = YES;
				COPY_PHASE_STRIP = NO;
				ENABLE_STRICT_OBJC_MSGSEND = YES;
				GCC_C_LANGUAGE_STANDARD = gnu99;
				GCC_DYNAMIC_NO_PIC = NO;
				GCC_OPTIMIZATION_LEVEL = 0;
				GCC_PREPROCESSOR_DEFINITIONS = (
					"DEBUG=1",
					"$(inherited)",
				);
				GCC_SYMBOLS_PRIVATE_EXTERN = NO;
				GCC_WARN_64_TO_32_BIT_CONVERSION = YES;
				GCC_WARN_ABOUT_RETURN_TYPE = YES_ERROR;
				GCC_WARN_UNDECLARED_SELECTOR = YES;
				GCC_WARN_UNINITIALIZED_AUTOS = YES_AGGRESSIVE;
				GCC_WARN_UNUSED_FUNCTION = YES;
				GCC_WARN_UNUSED_VARIABLE = YES;
				MACOSX_DEPLOYMENT_TARGET = 10.9;
				MTL_ENABLE_DEBUG_INFO = YES;
				ONLY_ACTIVE_ARCH = YES;
				SDKROOT = macosx;
				SWIFT_OPTIMIZATION_LEVEL = "-Onone";
			};
			name = Debug;
		};
		AA6EEFF919F94D4E004D4402 /* Release */ = {
			isa = XCBuildConfiguration;
			buildSettings = {
				ALWAYS_SEARCH_USER_PATHS = NO;
				CLANG_CXX_LANGUAGE_STANDARD = "gnu++0x";
				CLANG_CXX_LIBRARY = "libc++";
				CLANG_ENABLE_MODULES = YES;
				CLANG_ENABLE_OBJC_ARC = YES;
				CLANG_WARN_BOOL_CONVERSION = YES;
				CLANG_WARN_CONSTANT_CONVERSION = YES;
				CLANG_WARN_DIRECT_OBJC_ISA_USAGE = YES_ERROR;
				CLANG_WARN_EMPTY_BODY = YES;
				CLANG_WARN_ENUM_CONVERSION = YES;
				CLANG_WARN_INT_CONVERSION = YES;
				CLANG_WARN_OBJC_ROOT_CLASS = YES_ERROR;
				CLANG_WARN_UNREACHABLE_CODE = YES;
				CLANG_WARN__DUPLICATE_METHOD_MATCH = YES;
				COPY_PHASE_STRIP = YES;
				DEBUG_INFORMATION_FORMAT = "dwarf-with-dsym";
				ENABLE_NS_ASSERTIONS = NO;
				ENABLE_STRICT_OBJC_MSGSEND = YES;
				GCC_C_LANGUAGE_STANDARD = gnu99;
				GCC_WARN_64_TO_32_BIT_CONVERSION = YES;
				GCC_WARN_ABOUT_RETURN_TYPE = YES_ERROR;
				GCC_WARN_UNDECLARED_SELECTOR = YES;
				GCC_WARN_UNINITIALIZED_AUTOS = YES_AGGRESSIVE;
				GCC_WARN_UNUSED_FUNCTION = YES;
				GCC_WARN_UNUSED_VARIABLE = YES;
				MACOSX_DEPLOYMENT_TARGET = 10.9;
				MTL_ENABLE_DEBUG_INFO = NO;
				SDKROOT = macosx;
			};
			name = Release;
		};
		AA6EEFFB19F94D4E004D4402 /* Debug */ = {
			isa = XCBuildConfiguration;
			buildSettings = {
				PRODUCT_NAME = "$(TARGET_NAME)";
			};
			name = Debug;
		};
		AA6EEFFC19F94D4E004D4402 /* Release */ = {
			isa = XCBuildConfiguration;
			buildSettings = {
				PRODUCT_NAME = "$(TARGET_NAME)";
			};
			name = Release;
		};
/* End XCBuildConfiguration section */

/* Begin XCConfigurationList section */
		AA6EEFEE19F94D4E004D4402 /* Build configuration list for PBXProject "EmployeeProject" */ = {
			isa = XCConfigurationList;
			buildConfigurations = (
				AA6EEFF819F94D4E004D4402 /* Debug */,
				AA6EEFF919F94D4E004D4402 /* Release */,
			);
			defaultConfigurationIsVisible = 0;
			defaultConfigurationName = Release;
		};
		AA6EEFFA19F94D4E004D4402 /* Build configuration list for PBXNativeTarget "EmployeeProject" */ = {
			isa = XCConfigurationList;
			buildConfigurations = (
				AA6EEFFB19F94D4E004D4402 /* Debug */,
				AA6EEFFC19F94D4E004D4402 /* Release */,
			);
			defaultConfigurationIsVisible = 0;
		};
/* End XCConfigurationList section */
	};
	rootObject = AA6EEFEB19F94D4E004D4402 /* Project object */;
}
